PODS:
  - Alamofire (4.5.1)
  - Charts (3.0.3):
    - Charts/Core (= 3.0.3)
  - Charts/Core (3.0.3)
  - ChartsRealm (3.0.3):
    - Charts (= 3.0.3)
    - RealmSwift (~> 2.10)
  - coinbase-official (3.3.0):
    - coinbase-official/client (= 3.3.0)
    - coinbase-official/core (= 3.3.0)
    - coinbase-official/OAuth (= 3.3.0)
  - coinbase-official/client (3.3.0):
    - coinbase-official/core
  - coinbase-official/core (3.3.0)
  - coinbase-official/OAuth (3.3.0):
    - coinbase-official/core
  - FirebaseAnalytics (3.9.0):
    - FirebaseCore (~> 3.6)
    - FirebaseInstanceID (~> 1.0)
    - GoogleToolboxForMac/NSData+zlib (~> 2.1)
  - FirebaseCore (3.6.0):
    - GoogleToolboxForMac/NSData+zlib (~> 2.1)
  - FirebaseInstanceID (1.0.10):
    - FirebaseCore (~> 3.6)
  - Google/Core (3.1.0):
    - FirebaseAnalytics (~> 3.2)
  - Google/SignIn (3.1.0):
    - Google/Core
    - GoogleSignIn (~> 4.0)
  - GoogleSignIn (4.1.0):
    - GoogleToolboxForMac/NSDictionary+URLArguments (~> 2.1)
    - GoogleToolboxForMac/NSString+URLArguments (~> 2.1)
    - GTMOAuth2 (~> 1.0)
    - GTMSessionFetcher/Core (~> 1.1)
  - GoogleToolboxForMac/DebugUtils (2.1.3):
    - GoogleToolboxForMac/Defines (= 2.1.3)
  - GoogleToolboxForMac/Defines (2.1.3)
  - GoogleToolboxForMac/NSData+zlib (2.1.3):
    - GoogleToolboxForMac/Defines (= 2.1.3)
  - GoogleToolboxForMac/NSDictionary+URLArguments (2.1.3):
    - GoogleToolboxForMac/DebugUtils (= 2.1.3)
    - GoogleToolboxForMac/Defines (= 2.1.3)
    - GoogleToolboxForMac/NSString+URLArguments (= 2.1.3)
  - GoogleToolboxForMac/NSString+URLArguments (2.1.3)
  - GTMOAuth2 (1.1.5):
    - GTMSessionFetcher (~> 1.1)
  - GTMSessionFetcher (1.1.12):
    - GTMSessionFetcher/Full (= 1.1.12)
  - GTMSessionFetcher/Core (1.1.12)
  - GTMSessionFetcher/Full (1.1.12):
    - GTMSessionFetcher/Core (= 1.1.12)
  - Plaid (1.1.0)
  - ReactiveCocoa (6.0.2):
    - ReactiveSwift (~> 2.0)
  - ReactiveSwift (2.0.1):
    - Result (~> 3.2)
  - Realm (2.10.2):
    - Realm/Headers (= 2.10.2)
  - Realm/Headers (2.10.2)
  - RealmSwift (2.10.2):
    - Realm (= 2.10.2)
  - Result (3.2.4)
  - SideMenu (3.1.1)
  - SVProgressHUD (2.2.2)
  - SwiftyJSON (3.1.4)

DEPENDENCIES:
  - Alamofire
  - ChartsRealm (= 3.0.3)
  - coinbase-official
  - Google/SignIn
  - Plaid
  - ReactiveCocoa
  - SideMenu
  - SVProgressHUD
  - SwiftyJSON

SPEC CHECKSUMS:
  Alamofire: 2d95912bf4c34f164fdfc335872e8c312acaea4a
  Charts: bcde37724c161958c1438dd4883971fcb2d50c06
  ChartsRealm: b2384bf3ab5558f8ea2a0923356a2fa1cf639e09
  coinbase-official: 57de4952bdb85e16a8f99930c57e16505ff571ed
  FirebaseAnalytics: e5fe8486efc01bec33f6bf82e2fa9fce4b124052
  FirebaseCore: 9691ee2ade70c098d7cf92440f4303f16d83ca75
  FirebaseInstanceID: b9eedd6846fb5e1f0f7279e1deaa7a7e4cf8392e
  Google: 98da4b1a60ed0beb80a290387a28333406a1eb90
  GoogleSignIn: 8c599fc10d25b2af86a3f82fd9631e863f2b1400
  GoogleToolboxForMac: 2501e2ad72a52eb3dfe7bd9aee7dad11b858bd20
  GTMOAuth2: be83fd28d63ae3087e7d351b1f39c1a7e24ab6e7
  GTMSessionFetcher: ebaa1f79a5366922c1735f1566901f50beba23b7
  Plaid: b9fa28f1ea32eaf8ac717a9dfb2117fa884ec7c2
  ReactiveCocoa: 9dcbd8275374f35a6e5fcce01a93b860a7b92c44
  ReactiveSwift: 60a29ff35988a964fd2bb759755cb6594de523fc
  Realm: 0ef72b837fb67e9f4b098bac771ddd72c7fdbb69
  RealmSwift: 07a9ae0505091eda6b2ee7c190c3786d6e90a7b0
  Result: d2d07204ce72856f1fd9130bbe42c35a7b0fea10
  SideMenu: 1bf32e90afaa2dc0e0ab68e938a0ff85014c4217
  SVProgressHUD: 59b2d3dabacbd051576d21d32293ca7228dc18b0
  SwiftyJSON: c2842d878f95482ffceec5709abc3d05680c0220

PODFILE CHECKSUM: 3e10cccf1a86b00bf5b7845b67620f902c3159fd

COCOAPODS: 1.3.1
